##### Automations for Alarm Clock #####

- alias: 'almclk_wake_up script triggered by alarm clock'
  trigger:
    platform: template
    value_template: '{{ states.sensor.time.state == states.sensor.alarm_clock_time_long.state }}'
  condition:
    condition: state
    entity_id: input_boolean.alarm_clock_status
    state: 'on'
  action:
    service: script.wake_up